
Microsoft Visual Studio Solution File, Format Version 12.00
# Visual Studio 15
VisualStudioVersion = 15.0.27428.2027
MinimumVisualStudioVersion = 10.0.40219.1
Project("{FAE04EC0-301F-11D3-BF4B-00C04F79EFBC}") = "fr.soat.cleancode.tests", "fr.soat.cleancode.tests\fr.soat.cleancode.tests.csproj", "{E9DA82DB-66E5-40E5-A5EF-1563AF0079E1}"
EndProject
Project("{FAE04EC0-301F-11D3-BF4B-00C04F79EFBC}") = "fr.soat.cleancode", "fr.soat.cleancode\fr.soat.cleancode.csproj", "{1B4F7960-003D-400F-A2B2-B394F55E21C2}"
EndProject
Global
	GlobalSection(SolutionConfigurationPlatforms) = preSolution
		Debug|Any CPU = Debug|Any CPU
		Release|Any CPU = Release|Any CPU
	EndGlobalSection
	GlobalSection(ProjectConfigurationPlatforms) = postSolution
		{E9DA82DB-66E5-40E5-A5EF-1563AF0079E1}.Debug|Any CPU.ActiveCfg = Debug|Any CPU
		{E9DA82DB-66E5-40E5-A5EF-1563AF0079E1}.Debug|Any CPU.Build.0 = Debug|Any CPU
		{E9DA82DB-66E5-40E5-A5EF-1563AF0079E1}.Release|Any CPU.ActiveCfg = Release|Any CPU
		{E9DA82DB-66E5-40E5-A5EF-1563AF0079E1}.Release|Any CPU.Build.0 = Release|Any CPU
		{1B4F7960-003D-400F-A2B2-B394F55E21C2}.Debug|Any CPU.ActiveCfg = Debug|Any CPU
		{1B4F7960-003D-400F-A2B2-B394F55E21C2}.Debug|Any CPU.Build.0 = Debug|Any CPU
		{1B4F7960-003D-400F-A2B2-B394F55E21C2}.Release|Any CPU.ActiveCfg = Release|Any CPU
		{1B4F7960-003D-400F-A2B2-B394F55E21C2}.Release|Any CPU.Build.0 = Release|Any CPU
	EndGlobalSection
	GlobalSection(SolutionProperties) = preSolution
		HideSolutionNode = FALSE
	EndGlobalSection
	GlobalSection(ExtensibilityGlobals) = postSolution
		SolutionGuid = {2C58EADF-BB31-48F6-AAAE-B389A945BFDD}
	EndGlobalSection
EndGlobal
